
Microsoft Visual Studio Solution File, Format Version 12.00
# Visual Studio Version 16
VisualStudioVersion = 16.0.31624.102
MinimumVisualStudioVersion = 10.0.40219.1
Project("{FAE04EC0-301F-11D3-BF4B-00C04F79EFBC}") = "PlayRemoteSoundServer", "PlayRemoteSoundServer\PlayRemoteSoundServer.csproj", "{B9D61A62-8BFE-4356-A6B9-7B7F5DD9F25B}"
EndProject
Global
	GlobalSection(SolutionConfigurationPlatforms) = preSolution
		Debug|Any CPU = Debug|Any CPU
		Release|Any CPU = Release|Any CPU
	EndGlobalSection
	GlobalSection(ProjectConfigurationPlatforms) = postSolution
		{B9D61A62-8BFE-4356-A6B9-7B7F5DD9F25B}.Debug|Any CPU.ActiveCfg = Debug|Any CPU
		{B9D61A62-8BFE-4356-A6B9-7B7F5DD9F25B}.Debug|Any CPU.Build.0 = Debug|Any CPU
		{B9D61A62-8BFE-4356-A6B9-7B7F5DD9F25B}.Release|Any CPU.ActiveCfg = Release|Any CPU
		{B9D61A62-8BFE-4356-A6B9-7B7F5DD9F25B}.Release|Any CPU.Build.0 = Release|Any CPU
	EndGlobalSection
	GlobalSection(SolutionProperties) = preSolution
		HideSolutionNode = FALSE
	EndGlobalSection
	GlobalSection(ExtensibilityGlobals) = postSolution
		SolutionGuid = {EAF5333B-0D8E-47DC-A92E-7EC6F1E28EAA}
	EndGlobalSection
EndGlobal
